
Microsoft Visual Studio Solution File, Format Version 12.00
# Visual Studio 15
VisualStudioVersion = 15.0.27004.2005
MinimumVisualStudioVersion = 10.0.40219.1
Project("{FAE04EC0-301F-11D3-BF4B-00C04F79EFBC}") = "Globeweigh.Model", "Globeweigh.Model\Globeweigh.Model.csproj", "{1307F4FB-0560-45B1-81A4-C0BE9B7F8927}"
EndProject
Project("{FAE04EC0-301F-11D3-BF4B-00C04F79EFBC}") = "Globeweigh.UI.Shared", "Globeweigh.UI.Shared\Globeweigh.UI.Shared.csproj", "{110696A8-6423-40BF-81B5-D834EC6D1F25}"
EndProject
Project("{FAE04EC0-301F-11D3-BF4B-00C04F79EFBC}") = "Globeweigh.Reports", "Globeweigh.Reports\Globeweigh.Reports.csproj", "{757572BB-C472-4CA8-8796-CF8555D56812}"
EndProject
Project("{FAE04EC0-301F-11D3-BF4B-00C04F79EFBC}") = "Globeweigh.UI.Touch", "Globeweigh.UI.Touch\Globeweigh.UI.Touch.csproj", "{0B9A5702-0E78-4C95-9A76-8C3AF0487981}"
EndProject
Project("{FAE04EC0-301F-11D3-BF4B-00C04F79EFBC}") = "Globeweigh.Admin", "Globeweigh.Admin\Globeweigh.Admin.csproj", "{44C2A6EE-B226-48F7-AA1D-8ED017E2E3C0}"
EndProject
Project("{2150E333-8FDC-42A3-9474-1A3956D46DE8}") = "Deployment", "Deployment", "{85FFB7AF-0227-4017-99F2-A4B3BBFDB191}"
EndProject
Project("{54435603-DBB4-11D2-8724-00A0C9A8B90C}") = "Deployment.Admin", "Deployment.Admin\Deployment.Admin.vdproj", "{6220FDB5-F77A-4888-9F8C-1F72B0E610C4}"
	ProjectSection(ProjectDependencies) = postProject
		{110696A8-6423-40BF-81B5-D834EC6D1F25} = {110696A8-6423-40BF-81B5-D834EC6D1F25}
		{757572BB-C472-4CA8-8796-CF8555D56812} = {757572BB-C472-4CA8-8796-CF8555D56812}
		{1307F4FB-0560-45B1-81A4-C0BE9B7F8927} = {1307F4FB-0560-45B1-81A4-C0BE9B7F8927}
	EndProjectSection
EndProject
Project("{54435603-DBB4-11D2-8724-00A0C9A8B90C}") = "Deployment.Touch", "Deployment.Touch\Deployment.Touch.vdproj", "{2E4C085D-E0DC-4DF3-B13C-99AA65AF77B6}"
EndProject
Global
	GlobalSection(SolutionConfigurationPlatforms) = preSolution
		Debug|Any CPU = Debug|Any CPU
		Debug|ARM = Debug|ARM
		Debug|x64 = Debug|x64
		Debug|x86 = Debug|x86
		Release|Any CPU = Release|Any CPU
		Release|ARM = Release|ARM
		Release|x64 = Release|x64
		Release|x86 = Release|x86
	EndGlobalSection
	GlobalSection(ProjectConfigurationPlatforms) = postSolution
		{1307F4FB-0560-45B1-81A4-C0BE9B7F8927}.Debug|Any CPU.ActiveCfg = Debug|Any CPU
		{1307F4FB-0560-45B1-81A4-C0BE9B7F8927}.Debug|Any CPU.Build.0 = Debug|Any CPU
		{1307F4FB-0560-45B1-81A4-C0BE9B7F8927}.Debug|ARM.ActiveCfg = Debug|Any CPU
		{1307F4FB-0560-45B1-81A4-C0BE9B7F8927}.Debug|ARM.Build.0 = Debug|Any CPU
		{1307F4FB-0560-45B1-81A4-C0BE9B7F8927}.Debug|x64.ActiveCfg = Debug|Any CPU
		{1307F4FB-0560-45B1-81A4-C0BE9B7F8927}.Debug|x64.Build.0 = Debug|Any CPU
		{1307F4FB-0560-45B1-81A4-C0BE9B7F8927}.Debug|x86.ActiveCfg = Debug|Any CPU
		{1307F4FB-0560-45B1-81A4-C0BE9B7F8927}.Debug|x86.Build.0 = Debug|Any CPU
		{1307F4FB-0560-45B1-81A4-C0BE9B7F8927}.Release|Any CPU.ActiveCfg = Release|Any CPU
		{1307F4FB-0560-45B1-81A4-C0BE9B7F8927}.Release|Any CPU.Build.0 = Release|Any CPU
		{1307F4FB-0560-45B1-81A4-C0BE9B7F8927}.Release|ARM.ActiveCfg = Release|Any CPU
		{1307F4FB-0560-45B1-81A4-C0BE9B7F8927}.Release|ARM.Build.0 = Release|Any CPU
		{1307F4FB-0560-45B1-81A4-C0BE9B7F8927}.Release|x64.ActiveCfg = Release|Any CPU
		{1307F4FB-0560-45B1-81A4-C0BE9B7F8927}.Release|x64.Build.0 = Release|Any CPU
		{1307F4FB-0560-45B1-81A4-C0BE9B7F8927}.Release|x86.ActiveCfg = Release|Any CPU
		{1307F4FB-0560-45B1-81A4-C0BE9B7F8927}.Release|x86.Build.0 = Release|Any CPU
		{110696A8-6423-40BF-81B5-D834EC6D1F25}.Debug|Any CPU.ActiveCfg = Debug|Any CPU
		{110696A8-6423-40BF-81B5-D834EC6D1F25}.Debug|Any CPU.Build.0 = Debug|Any CPU
		{110696A8-6423-40BF-81B5-D834EC6D1F25}.Debug|ARM.ActiveCfg = Debug|Any CPU
		{110696A8-6423-40BF-81B5-D834EC6D1F25}.Debug|ARM.Build.0 = Debug|Any CPU
		{110696A8-6423-40BF-81B5-D834EC6D1F25}.Debug|x64.ActiveCfg = Debug|Any CPU
		{110696A8-6423-40BF-81B5-D834EC6D1F25}.Debug|x64.Build.0 = Debug|Any CPU
		{110696A8-6423-40BF-81B5-D834EC6D1F25}.Debug|x86.ActiveCfg = Debug|Any CPU
		{110696A8-6423-40BF-81B5-D834EC6D1F25}.Debug|x86.Build.0 = Debug|Any CPU
		{110696A8-6423-40BF-81B5-D834EC6D1F25}.Release|Any CPU.ActiveCfg = Release|Any CPU
		{110696A8-6423-40BF-81B5-D834EC6D1F25}.Release|Any CPU.Build.0 = Release|Any CPU
		{110696A8-6423-40BF-81B5-D834EC6D1F25}.Release|ARM.ActiveCfg = Release|Any CPU
		{110696A8-6423-40BF-81B5-D834EC6D1F25}.Release|ARM.Build.0 = Release|Any CPU
		{110696A8-6423-40BF-81B5-D834EC6D1F25}.Release|x64.ActiveCfg = Release|Any CPU
		{110696A8-6423-40BF-81B5-D834EC6D1F25}.Release|x64.Build.0 = Release|Any CPU
		{110696A8-6423-40BF-81B5-D834EC6D1F25}.Release|x86.ActiveCfg = Release|Any CPU
		{110696A8-6423-40BF-81B5-D834EC6D1F25}.Release|x86.Build.0 = Release|Any CPU
		{757572BB-C472-4CA8-8796-CF8555D56812}.Debug|Any CPU.ActiveCfg = Debug|Any CPU
		{757572BB-C472-4CA8-8796-CF8555D56812}.Debug|Any CPU.Build.0 = Debug|Any CPU
		{757572BB-C472-4CA8-8796-CF8555D56812}.Debug|ARM.ActiveCfg = Debug|Any CPU
		{757572BB-C472-4CA8-8796-CF8555D56812}.Debug|ARM.Build.0 = Debug|Any CPU
		{757572BB-C472-4CA8-8796-CF8555D56812}.Debug|x64.ActiveCfg = Debug|Any CPU
		{757572BB-C472-4CA8-8796-CF8555D56812}.Debug|x64.Build.0 = Debug|Any CPU
		{757572BB-C472-4CA8-8796-CF8555D56812}.Debug|x86.ActiveCfg = Debug|Any CPU
		{757572BB-C472-4CA8-8796-CF8555D56812}.Debug|x86.Build.0 = Debug|Any CPU
		{757572BB-C472-4CA8-8796-CF8555D56812}.Release|Any CPU.ActiveCfg = Release|Any CPU
		{757572BB-C472-4CA8-8796-CF8555D56812}.Release|Any CPU.Build.0 = Release|Any CPU
		{757572BB-C472-4CA8-8796-CF8555D56812}.Release|ARM.ActiveCfg = Release|Any CPU
		{757572BB-C472-4CA8-8796-CF8555D56812}.Release|ARM.Build.0 = Release|Any CPU
		{757572BB-C472-4CA8-8796-CF8555D56812}.Release|x64.ActiveCfg = Release|Any CPU
		{757572BB-C472-4CA8-8796-CF8555D56812}.Release|x64.Build.0 = Release|Any CPU
		{757572BB-C472-4CA8-8796-CF8555D56812}.Release|x86.ActiveCfg = Release|Any CPU
		{757572BB-C472-4CA8-8796-CF8555D56812}.Release|x86.Build.0 = Release|Any CPU
		{0B9A5702-0E78-4C95-9A76-8C3AF0487981}.Debug|Any CPU.ActiveCfg = Debug|Any CPU
		{0B9A5702-0E78-4C95-9A76-8C3AF0487981}.Debug|Any CPU.Build.0 = Debug|Any CPU
		{0B9A5702-0E78-4C95-9A76-8C3AF0487981}.Debug|ARM.ActiveCfg = Debug|Any CPU
		{0B9A5702-0E78-4C95-9A76-8C3AF0487981}.Debug|ARM.Build.0 = Debug|Any CPU
		{0B9A5702-0E78-4C95-9A76-8C3AF0487981}.Debug|x64.ActiveCfg = Debug|Any CPU
		{0B9A5702-0E78-4C95-9A76-8C3AF0487981}.Debug|x64.Build.0 = Debug|Any CPU
		{0B9A5702-0E78-4C95-9A76-8C3AF0487981}.Debug|x86.ActiveCfg = Debug|Any CPU
		{0B9A5702-0E78-4C95-9A76-8C3AF0487981}.Debug|x86.Build.0 = Debug|Any CPU
		{0B9A5702-0E78-4C95-9A76-8C3AF0487981}.Release|Any CPU.ActiveCfg = Release|Any CPU
		{0B9A5702-0E78-4C95-9A76-8C3AF0487981}.Release|Any CPU.Build.0 = Release|Any CPU
		{0B9A5702-0E78-4C95-9A76-8C3AF0487981}.Release|ARM.ActiveCfg = Release|Any CPU
		{0B9A5702-0E78-4C95-9A76-8C3AF0487981}.Release|ARM.Build.0 = Release|Any CPU
		{0B9A5702-0E78-4C95-9A76-8C3AF0487981}.Release|x64.ActiveCfg = Release|Any CPU
		{0B9A5702-0E78-4C95-9A76-8C3AF0487981}.Release|x64.Build.0 = Release|Any CPU
		{0B9A5702-0E78-4C95-9A76-8C3AF0487981}.Release|x86.ActiveCfg = Release|Any CPU
		{0B9A5702-0E78-4C95-9A76-8C3AF0487981}.Release|x86.Build.0 = Release|Any CPU
		{44C2A6EE-B226-48F7-AA1D-8ED017E2E3C0}.Debug|Any CPU.ActiveCfg = Debug|Any CPU
		{44C2A6EE-B226-48F7-AA1D-8ED017E2E3C0}.Debug|Any CPU.Build.0 = Debug|Any CPU
		{44C2A6EE-B226-48F7-AA1D-8ED017E2E3C0}.Debug|ARM.ActiveCfg = Debug|Any CPU
		{44C2A6EE-B226-48F7-AA1D-8ED017E2E3C0}.Debug|ARM.Build.0 = Debug|Any CPU
		{44C2A6EE-B226-48F7-AA1D-8ED017E2E3C0}.Debug|x64.ActiveCfg = Debug|Any CPU
		{44C2A6EE-B226-48F7-AA1D-8ED017E2E3C0}.Debug|x64.Build.0 = Debug|Any CPU
		{44C2A6EE-B226-48F7-AA1D-8ED017E2E3C0}.Debug|x86.ActiveCfg = Debug|Any CPU
		{44C2A6EE-B226-48F7-AA1D-8ED017E2E3C0}.Debug|x86.Build.0 = Debug|Any CPU
		{44C2A6EE-B226-48F7-AA1D-8ED017E2E3C0}.Release|Any CPU.ActiveCfg = Release|Any CPU
		{44C2A6EE-B226-48F7-AA1D-8ED017E2E3C0}.Release|Any CPU.Build.0 = Release|Any CPU
		{44C2A6EE-B226-48F7-AA1D-8ED017E2E3C0}.Release|ARM.ActiveCfg = Release|Any CPU
		{44C2A6EE-B226-48F7-AA1D-8ED017E2E3C0}.Release|ARM.Build.0 = Release|Any CPU
		{44C2A6EE-B226-48F7-AA1D-8ED017E2E3C0}.Release|x64.ActiveCfg = Release|Any CPU
		{44C2A6EE-B226-48F7-AA1D-8ED017E2E3C0}.Release|x64.Build.0 = Release|Any CPU
		{44C2A6EE-B226-48F7-AA1D-8ED017E2E3C0}.Release|x86.ActiveCfg = Release|Any CPU
		{44C2A6EE-B226-48F7-AA1D-8ED017E2E3C0}.Release|x86.Build.0 = Release|Any CPU
		{6220FDB5-F77A-4888-9F8C-1F72B0E610C4}.Debug|Any CPU.ActiveCfg = Debug
		{6220FDB5-F77A-4888-9F8C-1F72B0E610C4}.Debug|ARM.ActiveCfg = Debug
		{6220FDB5-F77A-4888-9F8C-1F72B0E610C4}.Debug|x64.ActiveCfg = Debug
		{6220FDB5-F77A-4888-9F8C-1F72B0E610C4}.Debug|x64.Build.0 = Debug
		{6220FDB5-F77A-4888-9F8C-1F72B0E610C4}.Debug|x86.ActiveCfg = Debug
		{6220FDB5-F77A-4888-9F8C-1F72B0E610C4}.Release|Any CPU.ActiveCfg = Release
		{6220FDB5-F77A-4888-9F8C-1F72B0E610C4}.Release|ARM.ActiveCfg = Release
		{6220FDB5-F77A-4888-9F8C-1F72B0E610C4}.Release|ARM.Build.0 = Release
		{6220FDB5-F77A-4888-9F8C-1F72B0E610C4}.Release|x64.ActiveCfg = Release
		{6220FDB5-F77A-4888-9F8C-1F72B0E610C4}.Release|x64.Build.0 = Release
		{6220FDB5-F77A-4888-9F8C-1F72B0E610C4}.Release|x86.ActiveCfg = Release
		{2E4C085D-E0DC-4DF3-B13C-99AA65AF77B6}.Debug|Any CPU.ActiveCfg = Debug
		{2E4C085D-E0DC-4DF3-B13C-99AA65AF77B6}.Debug|ARM.ActiveCfg = Debug
		{2E4C085D-E0DC-4DF3-B13C-99AA65AF77B6}.Debug|x64.ActiveCfg = Debug
		{2E4C085D-E0DC-4DF3-B13C-99AA65AF77B6}.Debug|x86.ActiveCfg = Debug
		{2E4C085D-E0DC-4DF3-B13C-99AA65AF77B6}.Release|Any CPU.ActiveCfg = Release
		{2E4C085D-E0DC-4DF3-B13C-99AA65AF77B6}.Release|ARM.ActiveCfg = Release
		{2E4C085D-E0DC-4DF3-B13C-99AA65AF77B6}.Release|x64.ActiveCfg = Release
		{2E4C085D-E0DC-4DF3-B13C-99AA65AF77B6}.Release|x86.ActiveCfg = Release
	EndGlobalSection
	GlobalSection(SolutionProperties) = preSolution
		HideSolutionNode = FALSE
	EndGlobalSection
	GlobalSection(NestedProjects) = preSolution
		{6220FDB5-F77A-4888-9F8C-1F72B0E610C4} = {85FFB7AF-0227-4017-99F2-A4B3BBFDB191}
		{2E4C085D-E0DC-4DF3-B13C-99AA65AF77B6} = {85FFB7AF-0227-4017-99F2-A4B3BBFDB191}
	EndGlobalSection
	GlobalSection(ExtensibilityGlobals) = postSolution
		SolutionGuid = {E2C0C3B5-5AFD-46AF-8370-854F02D95A20}
	EndGlobalSection
EndGlobal
